{
  "name": ".github",
  "lockfileVersion": 2,
  "requires": true,
  "packages": {
    "": {
      "dependencies": {
        "readme-components": "^1.2.0"
      }
    },
    "node_modules/readme-components": {
      "version": "1.2.0",
      "resolved": "https://registry.npmjs.org/readme-components/-/readme-components-1.2.0.tgz",
      "integrity": "sha512-oK8ueVt94B9g8zBvAZ6B6HBU2ZeawNoQehXVQtmFolopCQmyey2xbj6lt5c+qYGztcgUXD46V4XJ1JZp/hdh6A=="
    }
  },
  "dependencies": {
    "readme-components": {
      "version": "1.2.0",
      "resolved": "https://registry.npmjs.org/readme-components/-/readme-components-1.2.0.tgz",
      "integrity": "sha512-oK8ueVt94B9g8zBvAZ6B6HBU2ZeawNoQehXVQtmFolopCQmyey2xbj6lt5c+qYGztcgUXD46V4XJ1JZp/hdh6A=="
    }
  }
}
